// !$*UTF8*$!
{
	archiveVersion = 1;
	classes = {
	};
	objectVersion = 56;
	objects = {

/* Begin PBXBuildFile section */
		107ED5B22A72E25B00E3EE37 /* RMIT_ContactApp.swift in Sources */ = {isa = PBXBuildFile; fileRef = 107ED5B12A72E25B00E3EE37 /* RMIT_ContactApp.swift */; };
		107ED5B42A72E25B00E3EE37 /* ContentView.swift in Sources */ = {isa = PBXBuildFile; fileRef = 107ED5B32A72E25B00E3EE37 /* ContentView.swift */; };
		107ED5B62A72E25B00E3EE37 /* Assets.xcassets in Resources */ = {isa = PBXBuildFile; fileRef = 107ED5B52A72E25B00E3EE37 /* Assets.xcassets */; };
		107ED5B92A72E25B00E3EE37 /* Preview Assets.xcassets in Resources */ = {isa = PBXBuildFile; fileRef = 107ED5B82A72E25B00E3EE37 /* Preview Assets.xcassets */; };
		107ED5C12A72E27300E3EE37 /* ContactCard.swift in Sources */ = {isa = PBXBuildFile; fileRef = 107ED5C02A72E27300E3EE37 /* ContactCard.swift */; };
		107ED5C52A72E38400E3EE37 /* contacts.json in Resources */ = {isa = PBXBuildFile; fileRef = 107ED5C42A72E38400E3EE37 /* contacts.json */; };
		107ED5C72A72E3C600E3EE37 /* Contact.swift in Sources */ = {isa = PBXBuildFile; fileRef = 107ED5C62A72E3C600E3EE37 /* Contact.swift */; };
		107ED5C92A72E3D900E3EE37 /* Coordinates.swift in Sources */ = {isa = PBXBuildFile; fileRef = 107ED5C82A72E3D900E3EE37 /* Coordinates.swift */; };
		107ED5CD2A72E48100E3EE37 /* ContactStore.swift in Sources */ = {isa = PBXBuildFile; fileRef = 107ED5CC2A72E48100E3EE37 /* ContactStore.swift */; };
		107ED5D02A72E71700E3EE37 /* CircleImage.swift in Sources */ = {isa = PBXBuildFile; fileRef = 107ED5CF2A72E71700E3EE37 /* CircleImage.swift */; };
		107ED5D22A72E98C00E3EE37 /* InfoView.swift in Sources */ = {isa = PBXBuildFile; fileRef = 107ED5D12A72E98C00E3EE37 /* InfoView.swift */; };
		107ED5D42A72EA8300E3EE37 /* ColorConstants.swift in Sources */ = {isa = PBXBuildFile; fileRef = 107ED5D32A72EA8300E3EE37 /* ColorConstants.swift */; };
		107ED5D72A72EB4A00E3EE37 /* ContactList.swift in Sources */ = {isa = PBXBuildFile; fileRef = 107ED5D62A72EB4A00E3EE37 /* ContactList.swift */; };
		107ED5DA2A72EB6600E3EE37 /* ContactRow.swift in Sources */ = {isa = PBXBuildFile; fileRef = 107ED5D92A72EB6600E3EE37 /* ContactRow.swift */; };
		107ED5DC2A72ED6300E3EE37 /* ContactMap.swift in Sources */ = {isa = PBXBuildFile; fileRef = 107ED5DB2A72ED6300E3EE37 /* ContactMap.swift */; };
/* End PBXBuildFile section */

/* Begin PBXFileReference section */
		107ED5AE2A72E25B00E3EE37 /* RMIT-Contact.app */ = {isa = PBXFileReference; explicitFileType = wrapper.application; includeInIndex = 0; path = "RMIT-Contact.app"; sourceTree = BUILT_PRODUCTS_DIR; };
		107ED5B12A72E25B00E3EE37 /* RMIT_ContactApp.swift */ = {isa = PBXFileReference; lastKnownFileType = sourcecode.swift; path = RMIT_ContactApp.swift; sourceTree = "<group>"; };
		107ED5B32A72E25B00E3EE37 /* ContentView.swift */ = {isa = PBXFileReference; lastKnownFileType = sourcecode.swift; path = ContentView.swift; sourceTree = "<group>"; };
		107ED5B52A72E25B00E3EE37 /* Assets.xcassets */ = {isa = PBXFileReference; lastKnownFileType = folder.assetcatalog; path = Assets.xcassets; sourceTree = "<group>"; };
		107ED5B82A72E25B00E3EE37 /* Preview Assets.xcassets */ = {isa = PBXFileReference; lastKnownFileType = folder.assetcatalog; path = "Preview Assets.xcassets"; sourceTree = "<group>"; };
		107ED5C02A72E27300E3EE37 /* ContactCard.swift */ = {isa = PBXFileReference; lastKnownFileType = sourcecode.swift; path = ContactCard.swift; sourceTree = "<group>"; };
		107ED5C42A72E38400E3EE37 /* contacts.json */ = {isa = PBXFileReference; fileEncoding = 4; lastKnownFileType = text.json; path = contacts.json; sourceTree = "<group>"; };
		107ED5C62A72E3C600E3EE37 /* Contact.swift */ = {isa = PBXFileReference; lastKnownFileType = sourcecode.swift; path = Contact.swift; sourceTree = "<group>"; };
		107ED5C82A72E3D900E3EE37 /* Coordinates.swift */ = {isa = PBXFileReference; lastKnownFileType = sourcecode.swift; path = Coordinates.swift; sourceTree = "<group>"; };
		107ED5CC2A72E48100E3EE37 /* ContactStore.swift */ = {isa = PBXFileReference; lastKnownFileType = sourcecode.swift; path = ContactStore.swift; sourceTree = "<group>"; };
		107ED5CF2A72E71700E3EE37 /* CircleImage.swift */ = {isa = PBXFileReference; lastKnownFileType = sourcecode.swift; path = CircleImage.swift; sourceTree = "<group>"; };
		107ED5D12A72E98C00E3EE37 /* InfoView.swift */ = {isa = PBXFileReference; lastKnownFileType = sourcecode.swift; path = InfoView.swift; sourceTree = "<group>"; };
		107ED5D32A72EA8300E3EE37 /* ColorConstants.swift */ = {isa = PBXFileReference; lastKnownFileType = sourcecode.swift; path = ColorConstants.swift; sourceTree = "<group>"; };
		107ED5D62A72EB4A00E3EE37 /* ContactList.swift */ = {isa = PBXFileReference; lastKnownFileType = sourcecode.swift; path = ContactList.swift; sourceTree = "<group>"; };
		107ED5D92A72EB6600E3EE37 /* ContactRow.swift */ = {isa = PBXFileReference; lastKnownFileType = sourcecode.swift; path = ContactRow.swift; sourceTree = "<group>"; };
		107ED5DB2A72ED6300E3EE37 /* ContactMap.swift */ = {isa = PBXFileReference; lastKnownFileType = sourcecode.swift; path = ContactMap.swift; sourceTree = "<group>"; };
/* End PBXFileReference section */

/* Begin PBXFrameworksBuildPhase section */
		107ED5AB2A72E25B00E3EE37 /* Frameworks */ = {
			isa = PBXFrameworksBuildPhase;
			buildActionMask = 2147483647;
			files = (
			);
			runOnlyForDeploymentPostprocessing = 0;
		};
/* End PBXFrameworksBuildPhase section */

/* Begin PBXGroup section */
		107ED5A52A72E25A00E3EE37 = {
			isa = PBXGroup;
			children = (
				107ED5B02A72E25B00E3EE37 /* RMIT-Contact */,
				107ED5AF2A72E25B00E3EE37 /* Products */,
			);
			sourceTree = "<group>";
		};
		107ED5AF2A72E25B00E3EE37 /* Products */ = {
			isa = PBXGroup;
			children = (
				107ED5AE2A72E25B00E3EE37 /* RMIT-Contact.app */,
			);
			name = Products;
			sourceTree = "<group>";
		};
		107ED5B02A72E25B00E3EE37 /* RMIT-Contact */ = {
			isa = PBXGroup;
			children = (
				107ED5C32A72E36D00E3EE37 /* Models */,
				107ED5BF2A72E26500E3EE37 /* Views */,
				107ED5B12A72E25B00E3EE37 /* RMIT_ContactApp.swift */,
				107ED5B32A72E25B00E3EE37 /* ContentView.swift */,
				107ED5B52A72E25B00E3EE37 /* Assets.xcassets */,
				107ED5B72A72E25B00E3EE37 /* Preview Content */,
			);
			path = "RMIT-Contact";
			sourceTree = "<group>";
		};
		107ED5B72A72E25B00E3EE37 /* Preview Content */ = {
			isa = PBXGroup;
			children = (
				107ED5B82A72E25B00E3EE37 /* Preview Assets.xcassets */,
			);
			path = "Preview Content";
			sourceTree = "<group>";
		};
		107ED5BF2A72E26500E3EE37 /* Views */ = {
			isa = PBXGroup;
			children = (
				107ED5D82A72EB5B00E3EE37 /* ContactRow */,
				107ED5D52A72EB3900E3EE37 /* ContactList */,
				107ED5CE2A72E70500E3EE37 /* ContactCard */,
			);
			path = Views;
			sourceTree = "<group>";
		};
		107ED5C32A72E36D00E3EE37 /* Models */ = {
			isa = PBXGroup;
			children = (
				107ED5C42A72E38400E3EE37 /* contacts.json */,
				107ED5C62A72E3C600E3EE37 /* Contact.swift */,
				107ED5C82A72E3D900E3EE37 /* Coordinates.swift */,
				107ED5CC2A72E48100E3EE37 /* ContactStore.swift */,
				107ED5D32A72EA8300E3EE37 /* ColorConstants.swift */,
			);
			path = Models;
			sourceTree = "<group>";
		};
		107ED5CE2A72E70500E3EE37 /* ContactCard */ = {
			isa = PBXGroup;
			children = (
				107ED5C02A72E27300E3EE37 /* ContactCard.swift */,
				107ED5CF2A72E71700E3EE37 /* CircleImage.swift */,
				107ED5D12A72E98C00E3EE37 /* InfoView.swift */,
				107ED5DB2A72ED6300E3EE37 /* ContactMap.swift */,
			);
			path = ContactCard;
			sourceTree = "<group>";
		};
		107ED5D52A72EB3900E3EE37 /* ContactList */ = {
			isa = PBXGroup;
			children = (
				107ED5D62A72EB4A00E3EE37 /* ContactList.swift */,
			);
			path = ContactList;
			sourceTree = "<group>";
		};
		107ED5D82A72EB5B00E3EE37 /* ContactRow */ = {
			isa = PBXGroup;
			children = (
				107ED5D92A72EB6600E3EE37 /* ContactRow.swift */,
			);
			path = ContactRow;
			sourceTree = "<group>";
		};
/* End PBXGroup section */

/* Begin PBXNativeTarget section */
		107ED5AD2A72E25B00E3EE37 /* RMIT-Contact */ = {
			isa = PBXNativeTarget;
			buildConfigurationList = 107ED5BC2A72E25B00E3EE37 /* Build configuration list for PBXNativeTarget "RMIT-Contact" */;
			buildPhases = (
				107ED5AA2A72E25B00E3EE37 /* Sources */,
				107ED5AB2A72E25B00E3EE37 /* Frameworks */,
				107ED5AC2A72E25B00E3EE37 /* Resources */,
			);
			buildRules = (
			);
			dependencies = (
			);
			name = "RMIT-Contact";
			productName = "RMIT-Contact";
			productReference = 107ED5AE2A72E25B00E3EE37 /* RMIT-Contact.app */;
			productType = "com.apple.product-type.application";
		};
/* End PBXNativeTarget section */

/* Begin PBXProject section */
		107ED5A62A72E25B00E3EE37 /* Project object */ = {
			isa = PBXProject;
			attributes = {
				BuildIndependentTargetsInParallel = 1;
				LastSwiftUpdateCheck = 1430;
				LastUpgradeCheck = 1430;
				TargetAttributes = {
					107ED5AD2A72E25B00E3EE37 = {
						CreatedOnToolsVersion = 14.3.1;
					};
				};
			};
			buildConfigurationList = 107ED5A92A72E25B00E3EE37 /* Build configuration list for PBXProject "RMIT-Contact" */;
			compatibilityVersion = "Xcode 14.0";
			developmentRegion = en;
			hasScannedForEncodings = 0;
			knownRegions = (
				en,
				Base,
			);
			mainGroup = 107ED5A52A72E25A00E3EE37;
			productRefGroup = 107ED5AF2A72E25B00E3EE37 /* Products */;
			projectDirPath = "";
			projectRoot = "";
			targets = (
				107ED5AD2A72E25B00E3EE37 /* RMIT-Contact */,
			);
		};
/* End PBXProject section */

/* Begin PBXResourcesBuildPhase section */
		107ED5AC2A72E25B00E3EE37 /* Resources */ = {
			isa = PBXResourcesBuildPhase;
			buildActionMask = 2147483647;
			files = (
				107ED5B92A72E25B00E3EE37 /* Preview Assets.xcassets in Resources */,
				107ED5C52A72E38400E3EE37 /* contacts.json in Resources */,
				107ED5B62A72E25B00E3EE37 /* Assets.xcassets in Resources */,
			);
			runOnlyForDeploymentPostprocessing = 0;
		};
/* End PBXResourcesBuildPhase section */

/* Begin PBXSourcesBuildPhase section */
		107ED5AA2A72E25B00E3EE37 /* Sources */ = {
			isa = PBXSourcesBuildPhase;
			buildActionMask = 2147483647;
			files = (
				107ED5D22A72E98C00E3EE37 /* InfoView.swift in Sources */,
				107ED5C72A72E3C600E3EE37 /* Contact.swift in Sources */,
				107ED5B42A72E25B00E3EE37 /* ContentView.swift in Sources */,
				107ED5B22A72E25B00E3EE37 /* RMIT_ContactApp.swift in Sources */,
				107ED5DA2A72EB6600E3EE37 /* ContactRow.swift in Sources */,
				107ED5DC2A72ED6300E3EE37 /* ContactMap.swift in Sources */,
				107ED5D72A72EB4A00E3EE37 /* ContactList.swift in Sources */,
				107ED5D02A72E71700E3EE37 /* CircleImage.swift in Sources */,
				107ED5C12A72E27300E3EE37 /* ContactCard.swift in Sources */,
				107ED5D42A72EA8300E3EE37 /* ColorConstants.swift in Sources */,
				107ED5CD2A72E48100E3EE37 /* ContactStore.swift in Sources */,
				107ED5C92A72E3D900E3EE37 /* Coordinates.swift in Sources */,
			);
			runOnlyForDeploymentPostprocessing = 0;
		};
/* End PBXSourcesBuildPhase section */

/* Begin XCBuildConfiguration section */
		107ED5BA2A72E25B00E3EE37 /* Debug */ = {
			isa = XCBuildConfiguration;
			buildSettings = {
				ALWAYS_SEARCH_USER_PATHS = NO;
				CLANG_ANALYZER_NONNULL = YES;
				CLANG_ANALYZER_NUMBER_OBJECT_CONVERSION = YES_AGGRESSIVE;
				CLANG_CXX_LANGUAGE_STANDARD = "gnu++20";
				CLANG_ENABLE_MODULES = YES;
				CLANG_ENABLE_OBJC_ARC = YES;
				CLANG_ENABLE_OBJC_WEAK = YES;
				CLANG_WARN_BLOCK_CAPTURE_AUTORELEASING = YES;
				CLANG_WARN_BOOL_CONVERSION = YES;
				CLANG_WARN_COMMA = YES;
				CLANG_WARN_CONSTANT_CONVERSION = YES;
				CLANG_WARN_DEPRECATED_OBJC_IMPLEMENTATIONS = YES;
				CLANG_WARN_DIRECT_OBJC_ISA_USAGE = YES_ERROR;
				CLANG_WARN_DOCUMENTATION_COMMENTS = YES;
				CLANG_WARN_EMPTY_BODY = YES;
				CLANG_WARN_ENUM_CONVERSION = YES;
				CLANG_WARN_INFINITE_RECURSION = YES;
				CLANG_WARN_INT_CONVERSION = YES;
				CLANG_WARN_NON_LITERAL_NULL_CONVERSION = YES;
				CLANG_WARN_OBJC_IMPLICIT_RETAIN_SELF = YES;
				CLANG_WARN_OBJC_LITERAL_CONVERSION = YES;
				CLANG_WARN_OBJC_ROOT_CLASS = YES_ERROR;
				CLANG_WARN_QUOTED_INCLUDE_IN_FRAMEWORK_HEADER = YES;
				CLANG_WARN_RANGE_LOOP_ANALYSIS = YES;
				CLANG_WARN_STRICT_PROTOTYPES = YES;
				CLANG_WARN_SUSPICIOUS_MOVE = YES;
				CLANG_WARN_UNGUARDED_AVAILABILITY = YES_AGGRESSIVE;
				CLANG_WARN_UNREACHABLE_CODE = YES;
				CLANG_WARN__DUPLICATE_METHOD_MATCH = YES;
				COPY_PHASE_STRIP = NO;
				DEBUG_INFORMATION_FORMAT = dwarf;
				ENABLE_STRICT_OBJC_MSGSEND = YES;
				ENABLE_TESTABILITY = YES;
				GCC_C_LANGUAGE_STANDARD = gnu11;
				GCC_DYNAMIC_NO_PIC = NO;
				GCC_NO_COMMON_BLOCKS = YES;
				GCC_OPTIMIZATION_LEVEL = 0;
				GCC_PREPROCESSOR_DEFINITIONS = (
					"DEBUG=1",
					"$(inherited)",
				);
				GCC_WARN_64_TO_32_BIT_CONVERSION = YES;
				GCC_WARN_ABOUT_RETURN_TYPE = YES_ERROR;
				GCC_WARN_UNDECLARED_SELECTOR = YES;
				GCC_WARN_UNINITIALIZED_AUTOS = YES_AGGRESSIVE;
				GCC_WARN_UNUSED_FUNCTION = YES;
				GCC_WARN_UNUSED_VARIABLE = YES;
				IPHONEOS_DEPLOYMENT_TARGET = 16.4;
				MTL_ENABLE_DEBUG_INFO = INCLUDE_SOURCE;
				MTL_FAST_MATH = YES;
				ONLY_ACTIVE_ARCH = YES;
				SDKROOT = iphoneos;
				SWIFT_ACTIVE_COMPILATION_CONDITIONS = DEBUG;
				SWIFT_OPTIMIZATION_LEVEL = "-Onone";
			};
			name = Debug;
		};
		107ED5BB2A72E25B00E3EE37 /* Release */ = {
			isa = XCBuildConfiguration;
			buildSettings = {
				ALWAYS_SEARCH_USER_PATHS = NO;
				CLANG_ANALYZER_NONNULL = YES;
				CLANG_ANALYZER_NUMBER_OBJECT_CONVERSION = YES_AGGRESSIVE;
				CLANG_CXX_LANGUAGE_STANDARD = "gnu++20";
				CLANG_ENABLE_MODULES = YES;
				CLANG_ENABLE_OBJC_ARC = YES;
				CLANG_ENABLE_OBJC_WEAK = YES;
				CLANG_WARN_BLOCK_CAPTURE_AUTORELEASING = YES;
				CLANG_WARN_BOOL_CONVERSION = YES;
				CLANG_WARN_COMMA = YES;
				CLANG_WARN_CONSTANT_CONVERSION = YES;
				CLANG_WARN_DEPRECATED_OBJC_IMPLEMENTATIONS = YES;
				CLANG_WARN_DIRECT_OBJC_ISA_USAGE = YES_ERROR;
				CLANG_WARN_DOCUMENTATION_COMMENTS = YES;
				CLANG_WARN_EMPTY_BODY = YES;
				CLANG_WARN_ENUM_CONVERSION = YES;
				CLANG_WARN_INFINITE_RECURSION = YES;
				CLANG_WARN_INT_CONVERSION = YES;
				CLANG_WARN_NON_LITERAL_NULL_CONVERSION = YES;
				CLANG_WARN_OBJC_IMPLICIT_RETAIN_SELF = YES;
				CLANG_WARN_OBJC_LITERAL_CONVERSION = YES;
				CLANG_WARN_OBJC_ROOT_CLASS = YES_ERROR;
				CLANG_WARN_QUOTED_INCLUDE_IN_FRAMEWORK_HEADER = YES;
				CLANG_WARN_RANGE_LOOP_ANALYSIS = YES;
				CLANG_WARN_STRICT_PROTOTYPES = YES;
				CLANG_WARN_SUSPICIOUS_MOVE = YES;
				CLANG_WARN_UNGUARDED_AVAILABILITY = YES_AGGRESSIVE;
				CLANG_WARN_UNREACHABLE_CODE = YES;
				CLANG_WARN__DUPLICATE_METHOD_MATCH = YES;
				COPY_PHASE_STRIP = NO;
				DEBUG_INFORMATION_FORMAT = "dwarf-with-dsym";
				ENABLE_NS_ASSERTIONS = NO;
				ENABLE_STRICT_OBJC_MSGSEND = YES;
				GCC_C_LANGUAGE_STANDARD = gnu11;
				GCC_NO_COMMON_BLOCKS = YES;
				GCC_WARN_64_TO_32_BIT_CONVERSION = YES;
				GCC_WARN_ABOUT_RETURN_TYPE = YES_ERROR;
				GCC_WARN_UNDECLARED_SELECTOR = YES;
				GCC_WARN_UNINITIALIZED_AUTOS = YES_AGGRESSIVE;
				GCC_WARN_UNUSED_FUNCTION = YES;
				GCC_WARN_UNUSED_VARIABLE = YES;
				IPHONEOS_DEPLOYMENT_TARGET = 16.4;
				MTL_ENABLE_DEBUG_INFO = NO;
				MTL_FAST_MATH = YES;
				SDKROOT = iphoneos;
				SWIFT_COMPILATION_MODE = wholemodule;
				SWIFT_OPTIMIZATION_LEVEL = "-O";
				VALIDATE_PRODUCT = YES;
			};
			name = Release;
		};
		107ED5BD2A72E25B00E3EE37 /* Debug */ = {
			isa = XCBuildConfiguration;
			buildSettings = {
				ASSETCATALOG_COMPILER_APPICON_NAME = AppIcon;
				ASSETCATALOG_COMPILER_GLOBAL_ACCENT_COLOR_NAME = AccentColor;
				CODE_SIGN_STYLE = Automatic;
				CURRENT_PROJECT_VERSION = 1;
				DEVELOPMENT_ASSET_PATHS = "\"RMIT-Contact/Preview Content\"";
				ENABLE_PREVIEWS = YES;
				GENERATE_INFOPLIST_FILE = YES;
				INFOPLIST_KEY_UIApplicationSceneManifest_Generation = YES;
				INFOPLIST_KEY_UIApplicationSupportsIndirectInputEvents = YES;
				INFOPLIST_KEY_UILaunchScreen_Generation = YES;
				INFOPLIST_KEY_UISupportedInterfaceOrientations_iPad = "UIInterfaceOrientationPortrait UIInterfaceOrientationPortraitUpsideDown UIInterfaceOrientationLandscapeLeft UIInterfaceOrientationLandscapeRight";
				INFOPLIST_KEY_UISupportedInterfaceOrientations_iPhone = "UIInterfaceOrientationPortrait UIInterfaceOrientationLandscapeLeft UIInterfaceOrientationLandscapeRight";
				LD_RUNPATH_SEARCH_PATHS = (
					"$(inherited)",
					"@executable_path/Frameworks",
				);
				MARKETING_VERSION = 1.0;
				PRODUCT_BUNDLE_IDENTIFIER = "com.rmit.RMIT-Contact";
				PRODUCT_NAME = "$(TARGET_NAME)";
				SWIFT_EMIT_LOC_STRINGS = YES;
				SWIFT_VERSION = 5.0;
				TARGETED_DEVICE_FAMILY = "1,2";
			};
			name = Debug;
		};
		107ED5BE2A72E25B00E3EE37 /* Release */ = {
			isa = XCBuildConfiguration;
			buildSettings = {
				ASSETCATALOG_COMPILER_APPICON_NAME = AppIcon;
				ASSETCATALOG_COMPILER_GLOBAL_ACCENT_COLOR_NAME = AccentColor;
				CODE_SIGN_STYLE = Automatic;
				CURRENT_PROJECT_VERSION = 1;
				DEVELOPMENT_ASSET_PATHS = "\"RMIT-Contact/Preview Content\"";
				ENABLE_PREVIEWS = YES;
				GENERATE_INFOPLIST_FILE = YES;
				INFOPLIST_KEY_UIApplicationSceneManifest_Generation = YES;
				INFOPLIST_KEY_UIApplicationSupportsIndirectInputEvents = YES;
				INFOPLIST_KEY_UILaunchScreen_Generation = YES;
				INFOPLIST_KEY_UISupportedInterfaceOrientations_iPad = "UIInterfaceOrientationPortrait UIInterfaceOrientationPortraitUpsideDown UIInterfaceOrientationLandscapeLeft UIInterfaceOrientationLandscapeRight";
				INFOPLIST_KEY_UISupportedInterfaceOrientations_iPhone = "UIInterfaceOrientationPortrait UIInterfaceOrientationLandscapeLeft UIInterfaceOrientationLandscapeRight";
				LD_RUNPATH_SEARCH_PATHS = (
					"$(inherited)",
					"@executable_path/Frameworks",
				);
				MARKETING_VERSION = 1.0;
				PRODUCT_BUNDLE_IDENTIFIER = "com.rmit.RMIT-Contact";
				PRODUCT_NAME = "$(TARGET_NAME)";
				SWIFT_EMIT_LOC_STRINGS = YES;
				SWIFT_VERSION = 5.0;
				TARGETED_DEVICE_FAMILY = "1,2";
			};
			name = Release;
		};
/* End XCBuildConfiguration section */

/* Begin XCConfigurationList section */
		107ED5A92A72E25B00E3EE37 /* Build configuration list for PBXProject "RMIT-Contact" */ = {
			isa = XCConfigurationList;
			buildConfigurations = (
				107ED5BA2A72E25B00E3EE37 /* Debug */,
				107ED5BB2A72E25B00E3EE37 /* Release */,
			);
			defaultConfigurationIsVisible = 0;
			defaultConfigurationName = Release;
		};
		107ED5BC2A72E25B00E3EE37 /* Build configuration list for PBXNativeTarget "RMIT-Contact" */ = {
			isa = XCConfigurationList;
			buildConfigurations = (
				107ED5BD2A72E25B00E3EE37 /* Debug */,
				107ED5BE2A72E25B00E3EE37 /* Release */,
			);
			defaultConfigurationIsVisible = 0;
			defaultConfigurationName = Release;
		};
/* End XCConfigurationList section */
	};
	rootObject = 107ED5A62A72E25B00E3EE37 /* Project object */;
}
